
Microsoft Visual Studio Solution File, Format Version 12.00
# Visual Studio Version 17
VisualStudioVersion = 17.14.36429.23 d17.14
MinimumVisualStudioVersion = 10.0.40219.1
Project("{FAE04EC0-301F-11D3-BF4B-00C04F79EFBC}") = "SafeScribeAPI", "SafeScribeAPI\SafeScribeAPI.csproj", "{20BD2770-D8D9-4A80-AE93-6BBE937D16BA}"
EndProject
Global
	GlobalSection(SolutionConfigurationPlatforms) = preSolution
		Debug|Any CPU = Debug|Any CPU
		Release|Any CPU = Release|Any CPU
	EndGlobalSection
	GlobalSection(ProjectConfigurationPlatforms) = postSolution
		{20BD2770-D8D9-4A80-AE93-6BBE937D16BA}.Debug|Any CPU.ActiveCfg = Debug|Any CPU
		{20BD2770-D8D9-4A80-AE93-6BBE937D16BA}.Debug|Any CPU.Build.0 = Debug|Any CPU
		{20BD2770-D8D9-4A80-AE93-6BBE937D16BA}.Release|Any CPU.ActiveCfg = Release|Any CPU
		{20BD2770-D8D9-4A80-AE93-6BBE937D16BA}.Release|Any CPU.Build.0 = Release|Any CPU
	EndGlobalSection
	GlobalSection(SolutionProperties) = preSolution
		HideSolutionNode = FALSE
	EndGlobalSection
	GlobalSection(ExtensibilityGlobals) = postSolution
		SolutionGuid = {93A380C9-2F0F-43BA-959A-46EA9C787C43}
	EndGlobalSection
EndGlobal
